
Microsoft Visual Studio Solution File, Format Version 12.00
# Visual Studio 14
VisualStudioVersion = 14.0.25420.1
MinimumVisualStudioVersion = 10.0.40219.1
Project("{2150E333-8FDC-42A3-9474-1A3956D46DE8}") = "src", "src", "{75860EFC-A07D-4427-87A5-8C434F95ABE7}"
EndProject
Project("{2150E333-8FDC-42A3-9474-1A3956D46DE8}") = "Solution Items", "Solution Items", "{DF429207-C01A-4111-BB7E-1E08C2BB378F}"
	ProjectSection(SolutionItems) = preProject
		global.json = global.json
		WebEssentials2015-Settings.json = WebEssentials2015-Settings.json
	EndProjectSection
EndProject
Project("{8BB2217D-0F2D-49D1-97BC-3654ED321F3B}") = "Blog", "src\Blog\Blog.xproj", "{C5AA87FF-A48D-42A7-AF3B-F26C9132B894}"
EndProject
Global
	GlobalSection(SolutionConfigurationPlatforms) = preSolution
		Debug|Any CPU = Debug|Any CPU
		Release|Any CPU = Release|Any CPU
	EndGlobalSection
	GlobalSection(ProjectConfigurationPlatforms) = postSolution
		{C5AA87FF-A48D-42A7-AF3B-F26C9132B894}.Debug|Any CPU.ActiveCfg = Debug|Any CPU
		{C5AA87FF-A48D-42A7-AF3B-F26C9132B894}.Debug|Any CPU.Build.0 = Debug|Any CPU
		{C5AA87FF-A48D-42A7-AF3B-F26C9132B894}.Release|Any CPU.ActiveCfg = Release|Any CPU
		{C5AA87FF-A48D-42A7-AF3B-F26C9132B894}.Release|Any CPU.Build.0 = Release|Any CPU
	EndGlobalSection
	GlobalSection(SolutionProperties) = preSolution
		HideSolutionNode = FALSE
	EndGlobalSection
	GlobalSection(NestedProjects) = preSolution
		{C5AA87FF-A48D-42A7-AF3B-F26C9132B894} = {75860EFC-A07D-4427-87A5-8C434F95ABE7}
	EndGlobalSection
EndGlobal
